
Microsoft Visual Studio Solution File, Format Version 12.00
# Visual Studio Version 16
VisualStudioVersion = 16.0.30114.105
MinimumVisualStudioVersion = 10.0.40219.1
Project("{2150E333-8FDC-42A3-9474-1A3956D46DE8}") = "Chapter-15", "Chapter-15", "{DF464445-4E88-4909-A678-545C8807C7FD}"
EndProject
Project("{FAE04EC0-301F-11D3-BF4B-00C04F79EFBC}") = "Part-01", "Chapter-15\Part-01\Part-01.csproj", "{019837A2-F404-43DF-B425-9DA2C3F9B0D5}"
EndProject
Project("{FAE04EC0-301F-11D3-BF4B-00C04F79EFBC}") = "Part-02", "Chapter-15\Part-02\Part-02.csproj", "{6E8EB7AD-ED44-4EDB-88F4-A94B9B0647A4}"
EndProject
Project("{FAE04EC0-301F-11D3-BF4B-00C04F79EFBC}") = "Part-03", "Chapter-15\Part-03\Part-03.csproj", "{1711E543-F969-4812-858E-D297CA726901}"
EndProject
Project("{FAE04EC0-301F-11D3-BF4B-00C04F79EFBC}") = "Part-04", "Chapter-15\Part-04\Part-04.csproj", "{36363B36-D668-4385-AFC8-78E0C4D42808}"
EndProject
Project("{FAE04EC0-301F-11D3-BF4B-00C04F79EFBC}") = "Part-05", "Chapter-15\Part-05\Part-05.csproj", "{AD909D46-20D1-4799-B3F2-DE36F9202BBB}"
EndProject
Project("{FAE04EC0-301F-11D3-BF4B-00C04F79EFBC}") = "Part-06", "Chapter-15\Part-06\Part-06.csproj", "{791B4763-4A6B-45E3-A91A-584396820567}"
EndProject
Project("{FAE04EC0-301F-11D3-BF4B-00C04F79EFBC}") = "Part-07", "Chapter-15\Part-07\Part-07.csproj", "{0C5B9AAF-26DE-4EE5-B3DD-818399B1B350}"
EndProject
Project("{FAE04EC0-301F-11D3-BF4B-00C04F79EFBC}") = "Part-08", "Chapter-15\Part-08\Part-08.csproj", "{C012385D-03E7-4CA3-A74B-CEA5D4486BFA}"
EndProject
Project("{FAE04EC0-301F-11D3-BF4B-00C04F79EFBC}") = "Part-09", "Chapter-15\Part-09\Part-09.csproj", "{B1AA2832-0972-4F76-A0A5-D9B296BDD2C0}"
EndProject
Project("{FAE04EC0-301F-11D3-BF4B-00C04F79EFBC}") = "Part-10", "Chapter-15\Part-10\Part-10.csproj", "{179D3830-5E00-41A5-B81E-F70579D31505}"
EndProject
Project("{FAE04EC0-301F-11D3-BF4B-00C04F79EFBC}") = "Part-11", "Chapter-15\Part-11\Part-11.csproj", "{CC387A27-E594-485B-A219-1D6AC40A6DF7}"
EndProject
Project("{FAE04EC0-301F-11D3-BF4B-00C04F79EFBC}") = "Part-12", "Chapter-15\Part-12\Part-12.csproj", "{15ABAFFA-7BA5-41E8-9160-6CB00EF16E1D}"
EndProject
Project("{FAE04EC0-301F-11D3-BF4B-00C04F79EFBC}") = "Part-13", "Chapter-15\Part-13\Part-13.csproj", "{5BC634A8-3C23-4EFC-95F5-98720901679E}"
EndProject
Project("{FAE04EC0-301F-11D3-BF4B-00C04F79EFBC}") = "Part-14", "Chapter-15\Part-14\Part-14.csproj", "{6F00DF48-7BD9-422A-A03D-0E43E8F6E590}"
EndProject
Project("{FAE04EC0-301F-11D3-BF4B-00C04F79EFBC}") = "Part-15", "Chapter-15\Part-15\Part-15.csproj", "{E75344B4-3763-4BB8-A7FF-F528F008DFE9}"
EndProject
Project("{FAE04EC0-301F-11D3-BF4B-00C04F79EFBC}") = "Part-16", "Chapter-15\Part-16\Part-16.csproj", "{0812C640-93A9-4B87-A421-861CA8D52ACE}"
EndProject
Project("{FAE04EC0-301F-11D3-BF4B-00C04F79EFBC}") = "Part-17", "Chapter-15\Part-17\Part-17.csproj", "{C088B16C-3700-4428-B9CF-E946CA5928A6}"
EndProject
Project("{FAE04EC0-301F-11D3-BF4B-00C04F79EFBC}") = "Part-18", "Chapter-15\Part-18\Part-18.csproj", "{816BCE65-9847-4DAE-A076-2A0C6466D124}"
EndProject
Global
	GlobalSection(SolutionConfigurationPlatforms) = preSolution
		Debug|Any CPU = Debug|Any CPU
		Debug|x64 = Debug|x64
		Debug|x86 = Debug|x86
		Release|Any CPU = Release|Any CPU
		Release|x64 = Release|x64
		Release|x86 = Release|x86
	EndGlobalSection
	GlobalSection(ProjectConfigurationPlatforms) = postSolution
		{019837A2-F404-43DF-B425-9DA2C3F9B0D5}.Debug|Any CPU.ActiveCfg = Debug|Any CPU
		{019837A2-F404-43DF-B425-9DA2C3F9B0D5}.Debug|Any CPU.Build.0 = Debug|Any CPU
		{019837A2-F404-43DF-B425-9DA2C3F9B0D5}.Debug|x64.ActiveCfg = Debug|Any CPU
		{019837A2-F404-43DF-B425-9DA2C3F9B0D5}.Debug|x64.Build.0 = Debug|Any CPU
		{019837A2-F404-43DF-B425-9DA2C3F9B0D5}.Debug|x86.ActiveCfg = Debug|Any CPU
		{019837A2-F404-43DF-B425-9DA2C3F9B0D5}.Debug|x86.Build.0 = Debug|Any CPU
		{019837A2-F404-43DF-B425-9DA2C3F9B0D5}.Release|Any CPU.ActiveCfg = Release|Any CPU
		{019837A2-F404-43DF-B425-9DA2C3F9B0D5}.Release|Any CPU.Build.0 = Release|Any CPU
		{019837A2-F404-43DF-B425-9DA2C3F9B0D5}.Release|x64.ActiveCfg = Release|Any CPU
		{019837A2-F404-43DF-B425-9DA2C3F9B0D5}.Release|x64.Build.0 = Release|Any CPU
		{019837A2-F404-43DF-B425-9DA2C3F9B0D5}.Release|x86.ActiveCfg = Release|Any CPU
		{019837A2-F404-43DF-B425-9DA2C3F9B0D5}.Release|x86.Build.0 = Release|Any CPU
		{6E8EB7AD-ED44-4EDB-88F4-A94B9B0647A4}.Debug|Any CPU.ActiveCfg = Debug|Any CPU
		{6E8EB7AD-ED44-4EDB-88F4-A94B9B0647A4}.Debug|Any CPU.Build.0 = Debug|Any CPU
		{6E8EB7AD-ED44-4EDB-88F4-A94B9B0647A4}.Debug|x64.ActiveCfg = Debug|Any CPU
		{6E8EB7AD-ED44-4EDB-88F4-A94B9B0647A4}.Debug|x64.Build.0 = Debug|Any CPU
		{6E8EB7AD-ED44-4EDB-88F4-A94B9B0647A4}.Debug|x86.ActiveCfg = Debug|Any CPU
		{6E8EB7AD-ED44-4EDB-88F4-A94B9B0647A4}.Debug|x86.Build.0 = Debug|Any CPU
		{6E8EB7AD-ED44-4EDB-88F4-A94B9B0647A4}.Release|Any CPU.ActiveCfg = Release|Any CPU
		{6E8EB7AD-ED44-4EDB-88F4-A94B9B0647A4}.Release|Any CPU.Build.0 = Release|Any CPU
		{6E8EB7AD-ED44-4EDB-88F4-A94B9B0647A4}.Release|x64.ActiveCfg = Release|Any CPU
		{6E8EB7AD-ED44-4EDB-88F4-A94B9B0647A4}.Release|x64.Build.0 = Release|Any CPU
		{6E8EB7AD-ED44-4EDB-88F4-A94B9B0647A4}.Release|x86.ActiveCfg = Release|Any CPU
		{6E8EB7AD-ED44-4EDB-88F4-A94B9B0647A4}.Release|x86.Build.0 = Release|Any CPU
		{1711E543-F969-4812-858E-D297CA726901}.Debug|Any CPU.ActiveCfg = Debug|Any CPU
		{1711E543-F969-4812-858E-D297CA726901}.Debug|Any CPU.Build.0 = Debug|Any CPU
		{1711E543-F969-4812-858E-D297CA726901}.Debug|x64.ActiveCfg = Debug|Any CPU
		{1711E543-F969-4812-858E-D297CA726901}.Debug|x64.Build.0 = Debug|Any CPU
		{1711E543-F969-4812-858E-D297CA726901}.Debug|x86.ActiveCfg = Debug|Any CPU
		{1711E543-F969-4812-858E-D297CA726901}.Debug|x86.Build.0 = Debug|Any CPU
		{1711E543-F969-4812-858E-D297CA726901}.Release|Any CPU.ActiveCfg = Release|Any CPU
		{1711E543-F969-4812-858E-D297CA726901}.Release|Any CPU.Build.0 = Release|Any CPU
		{1711E543-F969-4812-858E-D297CA726901}.Release|x64.ActiveCfg = Release|Any CPU
		{1711E543-F969-4812-858E-D297CA726901}.Release|x64.Build.0 = Release|Any CPU
		{1711E543-F969-4812-858E-D297CA726901}.Release|x86.ActiveCfg = Release|Any CPU
		{1711E543-F969-4812-858E-D297CA726901}.Release|x86.Build.0 = Release|Any CPU
		{36363B36-D668-4385-AFC8-78E0C4D42808}.Debug|Any CPU.ActiveCfg = Debug|Any CPU
		{36363B36-D668-4385-AFC8-78E0C4D42808}.Debug|Any CPU.Build.0 = Debug|Any CPU
		{36363B36-D668-4385-AFC8-78E0C4D42808}.Debug|x64.ActiveCfg = Debug|Any CPU
		{36363B36-D668-4385-AFC8-78E0C4D42808}.Debug|x64.Build.0 = Debug|Any CPU
		{36363B36-D668-4385-AFC8-78E0C4D42808}.Debug|x86.ActiveCfg = Debug|Any CPU
		{36363B36-D668-4385-AFC8-78E0C4D42808}.Debug|x86.Build.0 = Debug|Any CPU
		{36363B36-D668-4385-AFC8-78E0C4D42808}.Release|Any CPU.ActiveCfg = Release|Any CPU
		{36363B36-D668-4385-AFC8-78E0C4D42808}.Release|Any CPU.Build.0 = Release|Any CPU
		{36363B36-D668-4385-AFC8-78E0C4D42808}.Release|x64.ActiveCfg = Release|Any CPU
		{36363B36-D668-4385-AFC8-78E0C4D42808}.Release|x64.Build.0 = Release|Any CPU
		{36363B36-D668-4385-AFC8-78E0C4D42808}.Release|x86.ActiveCfg = Release|Any CPU
		{36363B36-D668-4385-AFC8-78E0C4D42808}.Release|x86.Build.0 = Release|Any CPU
		{AD909D46-20D1-4799-B3F2-DE36F9202BBB}.Debug|Any CPU.ActiveCfg = Debug|Any CPU
		{AD909D46-20D1-4799-B3F2-DE36F9202BBB}.Debug|Any CPU.Build.0 = Debug|Any CPU
		{AD909D46-20D1-4799-B3F2-DE36F9202BBB}.Debug|x64.ActiveCfg = Debug|Any CPU
		{AD909D46-20D1-4799-B3F2-DE36F9202BBB}.Debug|x64.Build.0 = Debug|Any CPU
		{AD909D46-20D1-4799-B3F2-DE36F9202BBB}.Debug|x86.ActiveCfg = Debug|Any CPU
		{AD909D46-20D1-4799-B3F2-DE36F9202BBB}.Debug|x86.Build.0 = Debug|Any CPU
		{AD909D46-20D1-4799-B3F2-DE36F9202BBB}.Release|Any CPU.ActiveCfg = Release|Any CPU
		{AD909D46-20D1-4799-B3F2-DE36F9202BBB}.Release|Any CPU.Build.0 = Release|Any CPU
		{AD909D46-20D1-4799-B3F2-DE36F9202BBB}.Release|x64.ActiveCfg = Release|Any CPU
		{AD909D46-20D1-4799-B3F2-DE36F9202BBB}.Release|x64.Build.0 = Release|Any CPU
		{AD909D46-20D1-4799-B3F2-DE36F9202BBB}.Release|x86.ActiveCfg = Release|Any CPU
		{AD909D46-20D1-4799-B3F2-DE36F9202BBB}.Release|x86.Build.0 = Release|Any CPU
		{791B4763-4A6B-45E3-A91A-584396820567}.Debug|Any CPU.ActiveCfg = Debug|Any CPU
		{791B4763-4A6B-45E3-A91A-584396820567}.Debug|Any CPU.Build.0 = Debug|Any CPU
		{791B4763-4A6B-45E3-A91A-584396820567}.Debug|x64.ActiveCfg = Debug|Any CPU
		{791B4763-4A6B-45E3-A91A-584396820567}.Debug|x64.Build.0 = Debug|Any CPU
		{791B4763-4A6B-45E3-A91A-584396820567}.Debug|x86.ActiveCfg = Debug|Any CPU
		{791B4763-4A6B-45E3-A91A-584396820567}.Debug|x86.Build.0 = Debug|Any CPU
		{791B4763-4A6B-45E3-A91A-584396820567}.Release|Any CPU.ActiveCfg = Release|Any CPU
		{791B4763-4A6B-45E3-A91A-584396820567}.Release|Any CPU.Build.0 = Release|Any CPU
		{791B4763-4A6B-45E3-A91A-584396820567}.Release|x64.ActiveCfg = Release|Any CPU
		{791B4763-4A6B-45E3-A91A-584396820567}.Release|x64.Build.0 = Release|Any CPU
		{791B4763-4A6B-45E3-A91A-584396820567}.Release|x86.ActiveCfg = Release|Any CPU
		{791B4763-4A6B-45E3-A91A-584396820567}.Release|x86.Build.0 = Release|Any CPU
		{0C5B9AAF-26DE-4EE5-B3DD-818399B1B350}.Debug|Any CPU.ActiveCfg = Debug|Any CPU
		{0C5B9AAF-26DE-4EE5-B3DD-818399B1B350}.Debug|Any CPU.Build.0 = Debug|Any CPU
		{0C5B9AAF-26DE-4EE5-B3DD-818399B1B350}.Debug|x64.ActiveCfg = Debug|Any CPU
		{0C5B9AAF-26DE-4EE5-B3DD-818399B1B350}.Debug|x64.Build.0 = Debug|Any CPU
		{0C5B9AAF-26DE-4EE5-B3DD-818399B1B350}.Debug|x86.ActiveCfg = Debug|Any CPU
		{0C5B9AAF-26DE-4EE5-B3DD-818399B1B350}.Debug|x86.Build.0 = Debug|Any CPU
		{0C5B9AAF-26DE-4EE5-B3DD-818399B1B350}.Release|Any CPU.ActiveCfg = Release|Any CPU
		{0C5B9AAF-26DE-4EE5-B3DD-818399B1B350}.Release|Any CPU.Build.0 = Release|Any CPU
		{0C5B9AAF-26DE-4EE5-B3DD-818399B1B350}.Release|x64.ActiveCfg = Release|Any CPU
		{0C5B9AAF-26DE-4EE5-B3DD-818399B1B350}.Release|x64.Build.0 = Release|Any CPU
		{0C5B9AAF-26DE-4EE5-B3DD-818399B1B350}.Release|x86.ActiveCfg = Release|Any CPU
		{0C5B9AAF-26DE-4EE5-B3DD-818399B1B350}.Release|x86.Build.0 = Release|Any CPU
		{C012385D-03E7-4CA3-A74B-CEA5D4486BFA}.Debug|Any CPU.ActiveCfg = Debug|Any CPU
		{C012385D-03E7-4CA3-A74B-CEA5D4486BFA}.Debug|Any CPU.Build.0 = Debug|Any CPU
		{C012385D-03E7-4CA3-A74B-CEA5D4486BFA}.Debug|x64.ActiveCfg = Debug|Any CPU
		{C012385D-03E7-4CA3-A74B-CEA5D4486BFA}.Debug|x64.Build.0 = Debug|Any CPU
		{C012385D-03E7-4CA3-A74B-CEA5D4486BFA}.Debug|x86.ActiveCfg = Debug|Any CPU
		{C012385D-03E7-4CA3-A74B-CEA5D4486BFA}.Debug|x86.Build.0 = Debug|Any CPU
		{C012385D-03E7-4CA3-A74B-CEA5D4486BFA}.Release|Any CPU.ActiveCfg = Release|Any CPU
		{C012385D-03E7-4CA3-A74B-CEA5D4486BFA}.Release|Any CPU.Build.0 = Release|Any CPU
		{C012385D-03E7-4CA3-A74B-CEA5D4486BFA}.Release|x64.ActiveCfg = Release|Any CPU
		{C012385D-03E7-4CA3-A74B-CEA5D4486BFA}.Release|x64.Build.0 = Release|Any CPU
		{C012385D-03E7-4CA3-A74B-CEA5D4486BFA}.Release|x86.ActiveCfg = Release|Any CPU
		{C012385D-03E7-4CA3-A74B-CEA5D4486BFA}.Release|x86.Build.0 = Release|Any CPU
		{B1AA2832-0972-4F76-A0A5-D9B296BDD2C0}.Debug|Any CPU.ActiveCfg = Debug|Any CPU
		{B1AA2832-0972-4F76-A0A5-D9B296BDD2C0}.Debug|Any CPU.Build.0 = Debug|Any CPU
		{B1AA2832-0972-4F76-A0A5-D9B296BDD2C0}.Debug|x64.ActiveCfg = Debug|Any CPU
		{B1AA2832-0972-4F76-A0A5-D9B296BDD2C0}.Debug|x64.Build.0 = Debug|Any CPU
		{B1AA2832-0972-4F76-A0A5-D9B296BDD2C0}.Debug|x86.ActiveCfg = Debug|Any CPU
		{B1AA2832-0972-4F76-A0A5-D9B296BDD2C0}.Debug|x86.Build.0 = Debug|Any CPU
		{B1AA2832-0972-4F76-A0A5-D9B296BDD2C0}.Release|Any CPU.ActiveCfg = Release|Any CPU
		{B1AA2832-0972-4F76-A0A5-D9B296BDD2C0}.Release|Any CPU.Build.0 = Release|Any CPU
		{B1AA2832-0972-4F76-A0A5-D9B296BDD2C0}.Release|x64.ActiveCfg = Release|Any CPU
		{B1AA2832-0972-4F76-A0A5-D9B296BDD2C0}.Release|x64.Build.0 = Release|Any CPU
		{B1AA2832-0972-4F76-A0A5-D9B296BDD2C0}.Release|x86.ActiveCfg = Release|Any CPU
		{B1AA2832-0972-4F76-A0A5-D9B296BDD2C0}.Release|x86.Build.0 = Release|Any CPU
		{179D3830-5E00-41A5-B81E-F70579D31505}.Debug|Any CPU.ActiveCfg = Debug|Any CPU
		{179D3830-5E00-41A5-B81E-F70579D31505}.Debug|Any CPU.Build.0 = Debug|Any CPU
		{179D3830-5E00-41A5-B81E-F70579D31505}.Debug|x64.ActiveCfg = Debug|Any CPU
		{179D3830-5E00-41A5-B81E-F70579D31505}.Debug|x64.Build.0 = Debug|Any CPU
		{179D3830-5E00-41A5-B81E-F70579D31505}.Debug|x86.ActiveCfg = Debug|Any CPU
		{179D3830-5E00-41A5-B81E-F70579D31505}.Debug|x86.Build.0 = Debug|Any CPU
		{179D3830-5E00-41A5-B81E-F70579D31505}.Release|Any CPU.ActiveCfg = Release|Any CPU
		{179D3830-5E00-41A5-B81E-F70579D31505}.Release|Any CPU.Build.0 = Release|Any CPU
		{179D3830-5E00-41A5-B81E-F70579D31505}.Release|x64.ActiveCfg = Release|Any CPU
		{179D3830-5E00-41A5-B81E-F70579D31505}.Release|x64.Build.0 = Release|Any CPU
		{179D3830-5E00-41A5-B81E-F70579D31505}.Release|x86.ActiveCfg = Release|Any CPU
		{179D3830-5E00-41A5-B81E-F70579D31505}.Release|x86.Build.0 = Release|Any CPU
		{CC387A27-E594-485B-A219-1D6AC40A6DF7}.Debug|Any CPU.ActiveCfg = Debug|Any CPU
		{CC387A27-E594-485B-A219-1D6AC40A6DF7}.Debug|Any CPU.Build.0 = Debug|Any CPU
		{CC387A27-E594-485B-A219-1D6AC40A6DF7}.Debug|x64.ActiveCfg = Debug|Any CPU
		{CC387A27-E594-485B-A219-1D6AC40A6DF7}.Debug|x64.Build.0 = Debug|Any CPU
		{CC387A27-E594-485B-A219-1D6AC40A6DF7}.Debug|x86.ActiveCfg = Debug|Any CPU
		{CC387A27-E594-485B-A219-1D6AC40A6DF7}.Debug|x86.Build.0 = Debug|Any CPU
		{CC387A27-E594-485B-A219-1D6AC40A6DF7}.Release|Any CPU.ActiveCfg = Release|Any CPU
		{CC387A27-E594-485B-A219-1D6AC40A6DF7}.Release|Any CPU.Build.0 = Release|Any CPU
		{CC387A27-E594-485B-A219-1D6AC40A6DF7}.Release|x64.ActiveCfg = Release|Any CPU
		{CC387A27-E594-485B-A219-1D6AC40A6DF7}.Release|x64.Build.0 = Release|Any CPU
		{CC387A27-E594-485B-A219-1D6AC40A6DF7}.Release|x86.ActiveCfg = Release|Any CPU
		{CC387A27-E594-485B-A219-1D6AC40A6DF7}.Release|x86.Build.0 = Release|Any CPU
		{15ABAFFA-7BA5-41E8-9160-6CB00EF16E1D}.Debug|Any CPU.ActiveCfg = Debug|Any CPU
		{15ABAFFA-7BA5-41E8-9160-6CB00EF16E1D}.Debug|Any CPU.Build.0 = Debug|Any CPU
		{15ABAFFA-7BA5-41E8-9160-6CB00EF16E1D}.Debug|x64.ActiveCfg = Debug|Any CPU
		{15ABAFFA-7BA5-41E8-9160-6CB00EF16E1D}.Debug|x64.Build.0 = Debug|Any CPU
		{15ABAFFA-7BA5-41E8-9160-6CB00EF16E1D}.Debug|x86.ActiveCfg = Debug|Any CPU
		{15ABAFFA-7BA5-41E8-9160-6CB00EF16E1D}.Debug|x86.Build.0 = Debug|Any CPU
		{15ABAFFA-7BA5-41E8-9160-6CB00EF16E1D}.Release|Any CPU.ActiveCfg = Release|Any CPU
		{15ABAFFA-7BA5-41E8-9160-6CB00EF16E1D}.Release|Any CPU.Build.0 = Release|Any CPU
		{15ABAFFA-7BA5-41E8-9160-6CB00EF16E1D}.Release|x64.ActiveCfg = Release|Any CPU
		{15ABAFFA-7BA5-41E8-9160-6CB00EF16E1D}.Release|x64.Build.0 = Release|Any CPU
		{15ABAFFA-7BA5-41E8-9160-6CB00EF16E1D}.Release|x86.ActiveCfg = Release|Any CPU
		{15ABAFFA-7BA5-41E8-9160-6CB00EF16E1D}.Release|x86.Build.0 = Release|Any CPU
		{5BC634A8-3C23-4EFC-95F5-98720901679E}.Debug|Any CPU.ActiveCfg = Debug|Any CPU
		{5BC634A8-3C23-4EFC-95F5-98720901679E}.Debug|Any CPU.Build.0 = Debug|Any CPU
		{5BC634A8-3C23-4EFC-95F5-98720901679E}.Debug|x64.ActiveCfg = Debug|Any CPU
		{5BC634A8-3C23-4EFC-95F5-98720901679E}.Debug|x64.Build.0 = Debug|Any CPU
		{5BC634A8-3C23-4EFC-95F5-98720901679E}.Debug|x86.ActiveCfg = Debug|Any CPU
		{5BC634A8-3C23-4EFC-95F5-98720901679E}.Debug|x86.Build.0 = Debug|Any CPU
		{5BC634A8-3C23-4EFC-95F5-98720901679E}.Release|Any CPU.ActiveCfg = Release|Any CPU
		{5BC634A8-3C23-4EFC-95F5-98720901679E}.Release|Any CPU.Build.0 = Release|Any CPU
		{5BC634A8-3C23-4EFC-95F5-98720901679E}.Release|x64.ActiveCfg = Release|Any CPU
		{5BC634A8-3C23-4EFC-95F5-98720901679E}.Release|x64.Build.0 = Release|Any CPU
		{5BC634A8-3C23-4EFC-95F5-98720901679E}.Release|x86.ActiveCfg = Release|Any CPU
		{5BC634A8-3C23-4EFC-95F5-98720901679E}.Release|x86.Build.0 = Release|Any CPU
		{6F00DF48-7BD9-422A-A03D-0E43E8F6E590}.Debug|Any CPU.ActiveCfg = Debug|Any CPU
		{6F00DF48-7BD9-422A-A03D-0E43E8F6E590}.Debug|Any CPU.Build.0 = Debug|Any CPU
		{6F00DF48-7BD9-422A-A03D-0E43E8F6E590}.Debug|x64.ActiveCfg = Debug|Any CPU
		{6F00DF48-7BD9-422A-A03D-0E43E8F6E590}.Debug|x64.Build.0 = Debug|Any CPU
		{6F00DF48-7BD9-422A-A03D-0E43E8F6E590}.Debug|x86.ActiveCfg = Debug|Any CPU
		{6F00DF48-7BD9-422A-A03D-0E43E8F6E590}.Debug|x86.Build.0 = Debug|Any CPU
		{6F00DF48-7BD9-422A-A03D-0E43E8F6E590}.Release|Any CPU.ActiveCfg = Release|Any CPU
		{6F00DF48-7BD9-422A-A03D-0E43E8F6E590}.Release|Any CPU.Build.0 = Release|Any CPU
		{6F00DF48-7BD9-422A-A03D-0E43E8F6E590}.Release|x64.ActiveCfg = Release|Any CPU
		{6F00DF48-7BD9-422A-A03D-0E43E8F6E590}.Release|x64.Build.0 = Release|Any CPU
		{6F00DF48-7BD9-422A-A03D-0E43E8F6E590}.Release|x86.ActiveCfg = Release|Any CPU
		{6F00DF48-7BD9-422A-A03D-0E43E8F6E590}.Release|x86.Build.0 = Release|Any CPU
		{E75344B4-3763-4BB8-A7FF-F528F008DFE9}.Debug|Any CPU.ActiveCfg = Debug|Any CPU
		{E75344B4-3763-4BB8-A7FF-F528F008DFE9}.Debug|Any CPU.Build.0 = Debug|Any CPU
		{E75344B4-3763-4BB8-A7FF-F528F008DFE9}.Debug|x64.ActiveCfg = Debug|Any CPU
		{E75344B4-3763-4BB8-A7FF-F528F008DFE9}.Debug|x64.Build.0 = Debug|Any CPU
		{E75344B4-3763-4BB8-A7FF-F528F008DFE9}.Debug|x86.ActiveCfg = Debug|Any CPU
		{E75344B4-3763-4BB8-A7FF-F528F008DFE9}.Debug|x86.Build.0 = Debug|Any CPU
		{E75344B4-3763-4BB8-A7FF-F528F008DFE9}.Release|Any CPU.ActiveCfg = Release|Any CPU
		{E75344B4-3763-4BB8-A7FF-F528F008DFE9}.Release|Any CPU.Build.0 = Release|Any CPU
		{E75344B4-3763-4BB8-A7FF-F528F008DFE9}.Release|x64.ActiveCfg = Release|Any CPU
		{E75344B4-3763-4BB8-A7FF-F528F008DFE9}.Release|x64.Build.0 = Release|Any CPU
		{E75344B4-3763-4BB8-A7FF-F528F008DFE9}.Release|x86.ActiveCfg = Release|Any CPU
		{E75344B4-3763-4BB8-A7FF-F528F008DFE9}.Release|x86.Build.0 = Release|Any CPU
		{0812C640-93A9-4B87-A421-861CA8D52ACE}.Debug|Any CPU.ActiveCfg = Debug|Any CPU
		{0812C640-93A9-4B87-A421-861CA8D52ACE}.Debug|Any CPU.Build.0 = Debug|Any CPU
		{0812C640-93A9-4B87-A421-861CA8D52ACE}.Debug|x64.ActiveCfg = Debug|Any CPU
		{0812C640-93A9-4B87-A421-861CA8D52ACE}.Debug|x64.Build.0 = Debug|Any CPU
		{0812C640-93A9-4B87-A421-861CA8D52ACE}.Debug|x86.ActiveCfg = Debug|Any CPU
		{0812C640-93A9-4B87-A421-861CA8D52ACE}.Debug|x86.Build.0 = Debug|Any CPU
		{0812C640-93A9-4B87-A421-861CA8D52ACE}.Release|Any CPU.ActiveCfg = Release|Any CPU
		{0812C640-93A9-4B87-A421-861CA8D52ACE}.Release|Any CPU.Build.0 = Release|Any CPU
		{0812C640-93A9-4B87-A421-861CA8D52ACE}.Release|x64.ActiveCfg = Release|Any CPU
		{0812C640-93A9-4B87-A421-861CA8D52ACE}.Release|x64.Build.0 = Release|Any CPU
		{0812C640-93A9-4B87-A421-861CA8D52ACE}.Release|x86.ActiveCfg = Release|Any CPU
		{0812C640-93A9-4B87-A421-861CA8D52ACE}.Release|x86.Build.0 = Release|Any CPU
		{C088B16C-3700-4428-B9CF-E946CA5928A6}.Debug|Any CPU.ActiveCfg = Debug|Any CPU
		{C088B16C-3700-4428-B9CF-E946CA5928A6}.Debug|Any CPU.Build.0 = Debug|Any CPU
		{C088B16C-3700-4428-B9CF-E946CA5928A6}.Debug|x64.ActiveCfg = Debug|Any CPU
		{C088B16C-3700-4428-B9CF-E946CA5928A6}.Debug|x64.Build.0 = Debug|Any CPU
		{C088B16C-3700-4428-B9CF-E946CA5928A6}.Debug|x86.ActiveCfg = Debug|Any CPU
		{C088B16C-3700-4428-B9CF-E946CA5928A6}.Debug|x86.Build.0 = Debug|Any CPU
		{C088B16C-3700-4428-B9CF-E946CA5928A6}.Release|Any CPU.ActiveCfg = Release|Any CPU
		{C088B16C-3700-4428-B9CF-E946CA5928A6}.Release|Any CPU.Build.0 = Release|Any CPU
		{C088B16C-3700-4428-B9CF-E946CA5928A6}.Release|x64.ActiveCfg = Release|Any CPU
		{C088B16C-3700-4428-B9CF-E946CA5928A6}.Release|x64.Build.0 = Release|Any CPU
		{C088B16C-3700-4428-B9CF-E946CA5928A6}.Release|x86.ActiveCfg = Release|Any CPU
		{C088B16C-3700-4428-B9CF-E946CA5928A6}.Release|x86.Build.0 = Release|Any CPU
		{816BCE65-9847-4DAE-A076-2A0C6466D124}.Debug|Any CPU.ActiveCfg = Debug|Any CPU
		{816BCE65-9847-4DAE-A076-2A0C6466D124}.Debug|Any CPU.Build.0 = Debug|Any CPU
		{816BCE65-9847-4DAE-A076-2A0C6466D124}.Debug|x64.ActiveCfg = Debug|Any CPU
		{816BCE65-9847-4DAE-A076-2A0C6466D124}.Debug|x64.Build.0 = Debug|Any CPU
		{816BCE65-9847-4DAE-A076-2A0C6466D124}.Debug|x86.ActiveCfg = Debug|Any CPU
		{816BCE65-9847-4DAE-A076-2A0C6466D124}.Debug|x86.Build.0 = Debug|Any CPU
		{816BCE65-9847-4DAE-A076-2A0C6466D124}.Release|Any CPU.ActiveCfg = Release|Any CPU
		{816BCE65-9847-4DAE-A076-2A0C6466D124}.Release|Any CPU.Build.0 = Release|Any CPU
		{816BCE65-9847-4DAE-A076-2A0C6466D124}.Release|x64.ActiveCfg = Release|Any CPU
		{816BCE65-9847-4DAE-A076-2A0C6466D124}.Release|x64.Build.0 = Release|Any CPU
		{816BCE65-9847-4DAE-A076-2A0C6466D124}.Release|x86.ActiveCfg = Release|Any CPU
		{816BCE65-9847-4DAE-A076-2A0C6466D124}.Release|x86.Build.0 = Release|Any CPU
	EndGlobalSection
	GlobalSection(SolutionProperties) = preSolution
		HideSolutionNode = FALSE
	EndGlobalSection
	GlobalSection(NestedProjects) = preSolution
		{019837A2-F404-43DF-B425-9DA2C3F9B0D5} = {DF464445-4E88-4909-A678-545C8807C7FD}
		{6E8EB7AD-ED44-4EDB-88F4-A94B9B0647A4} = {DF464445-4E88-4909-A678-545C8807C7FD}
		{1711E543-F969-4812-858E-D297CA726901} = {DF464445-4E88-4909-A678-545C8807C7FD}
		{36363B36-D668-4385-AFC8-78E0C4D42808} = {DF464445-4E88-4909-A678-545C8807C7FD}
		{AD909D46-20D1-4799-B3F2-DE36F9202BBB} = {DF464445-4E88-4909-A678-545C8807C7FD}
		{791B4763-4A6B-45E3-A91A-584396820567} = {DF464445-4E88-4909-A678-545C8807C7FD}
		{0C5B9AAF-26DE-4EE5-B3DD-818399B1B350} = {DF464445-4E88-4909-A678-545C8807C7FD}
		{C012385D-03E7-4CA3-A74B-CEA5D4486BFA} = {DF464445-4E88-4909-A678-545C8807C7FD}
		{B1AA2832-0972-4F76-A0A5-D9B296BDD2C0} = {DF464445-4E88-4909-A678-545C8807C7FD}
		{179D3830-5E00-41A5-B81E-F70579D31505} = {DF464445-4E88-4909-A678-545C8807C7FD}
		{CC387A27-E594-485B-A219-1D6AC40A6DF7} = {DF464445-4E88-4909-A678-545C8807C7FD}
		{15ABAFFA-7BA5-41E8-9160-6CB00EF16E1D} = {DF464445-4E88-4909-A678-545C8807C7FD}
		{5BC634A8-3C23-4EFC-95F5-98720901679E} = {DF464445-4E88-4909-A678-545C8807C7FD}
		{6F00DF48-7BD9-422A-A03D-0E43E8F6E590} = {DF464445-4E88-4909-A678-545C8807C7FD}
		{E75344B4-3763-4BB8-A7FF-F528F008DFE9} = {DF464445-4E88-4909-A678-545C8807C7FD}
		{0812C640-93A9-4B87-A421-861CA8D52ACE} = {DF464445-4E88-4909-A678-545C8807C7FD}
		{C088B16C-3700-4428-B9CF-E946CA5928A6} = {DF464445-4E88-4909-A678-545C8807C7FD}
		{816BCE65-9847-4DAE-A076-2A0C6466D124} = {DF464445-4E88-4909-A678-545C8807C7FD}
	EndGlobalSection
	GlobalSection(ExtensibilityGlobals) = postSolution
		SolutionGuid = {FF50455B-C033-47AB-B4AF-4C2EE6008C52}
	EndGlobalSection
EndGlobal
